
Microsoft Visual Studio Solution File, Format Version 12.00
# Visual Studio Version 17
VisualStudioVersion = 17.1.32210.238
MinimumVisualStudioVersion = 10.0.40219.1
Project("{FAE04EC0-301F-11D3-BF4B-00C04F79EFBC}") = "UtilityClasses", "UtilityClasses\UtilityClasses.csproj", "{83BB1717-F470-4455-8977-BA2D406AE7A5}"
EndProject
Global
	GlobalSection(SolutionConfigurationPlatforms) = preSolution
		Debug|Any CPU = Debug|Any CPU
		Release|Any CPU = Release|Any CPU
	EndGlobalSection
	GlobalSection(ProjectConfigurationPlatforms) = postSolution
		{83BB1717-F470-4455-8977-BA2D406AE7A5}.Debug|Any CPU.ActiveCfg = Debug|Any CPU
		{83BB1717-F470-4455-8977-BA2D406AE7A5}.Debug|Any CPU.Build.0 = Debug|Any CPU
		{83BB1717-F470-4455-8977-BA2D406AE7A5}.Release|Any CPU.ActiveCfg = Release|Any CPU
		{83BB1717-F470-4455-8977-BA2D406AE7A5}.Release|Any CPU.Build.0 = Release|Any CPU
	EndGlobalSection
	GlobalSection(SolutionProperties) = preSolution
		HideSolutionNode = FALSE
	EndGlobalSection
	GlobalSection(ExtensibilityGlobals) = postSolution
		SolutionGuid = {5015300F-8789-457A-8DDD-98155EF36865}
	EndGlobalSection
EndGlobal
